// !$*UTF8*$!
{
	archiveVersion = 1;
	classes = {
	};
	objectVersion = 46;
	objects = {

/* Begin PBXBuildFile section */
		426496821ECA91AD005BA0AC /* Assets.xcassets in Resources */ = {isa = PBXBuildFile; fileRef = 426496811ECA91AD005BA0AC /* Assets.xcassets */; };
		426496851ECA91AD005BA0AC /* LaunchScreen.storyboard in Resources */ = {isa = PBXBuildFile; fileRef = 426496831ECA91AD005BA0AC /* LaunchScreen.storyboard */; };
		426496A11ECA9788005BA0AC /* Main.storyboard in Resources */ = {isa = PBXBuildFile; fileRef = 4264969F1ECA9788005BA0AC /* Main.storyboard */; };
		426496AA1ECA97F2005BA0AC /* AppDelegate.swift in Sources */ = {isa = PBXBuildFile; fileRef = 426496A21ECA97F1005BA0AC /* AppDelegate.swift */; };
		426496AB1ECA97F2005BA0AC /* imagePicker.swift in Sources */ = {isa = PBXBuildFile; fileRef = 426496A31ECA97F1005BA0AC /* imagePicker.swift */; };
		426496AC1ECA97F2005BA0AC /* keyboardSlider.swift in Sources */ = {isa = PBXBuildFile; fileRef = 426496A41ECA97F1005BA0AC /* keyboardSlider.swift */; };
		426496AD1ECA97F2005BA0AC /* MemeViewController.swift in Sources */ = {isa = PBXBuildFile; fileRef = 426496A51ECA97F1005BA0AC /* MemeViewController.swift */; };
		426496AE1ECA97F2005BA0AC /* save.swift in Sources */ = {isa = PBXBuildFile; fileRef = 426496A61ECA97F1005BA0AC /* save.swift */; };
		426496AF1ECA97F2005BA0AC /* SettingsPicker.swift in Sources */ = {isa = PBXBuildFile; fileRef = 426496A71ECA97F1005BA0AC /* SettingsPicker.swift */; };
		426496B01ECA97F2005BA0AC /* SettingsViewController.swift in Sources */ = {isa = PBXBuildFile; fileRef = 426496A81ECA97F1005BA0AC /* SettingsViewController.swift */; };
		426496B11ECA97F2005BA0AC /* textField.swift in Sources */ = {isa = PBXBuildFile; fileRef = 426496A91ECA97F1005BA0AC /* textField.swift */; };
		426496B31ECB276A005BA0AC /* MemeStruct.swift in Sources */ = {isa = PBXBuildFile; fileRef = 426496B21ECB276A005BA0AC /* MemeStruct.swift */; };
		4264971C1ED9EE06005BA0AC /* MemeCollectionViewController.swift in Sources */ = {isa = PBXBuildFile; fileRef = 4264971B1ED9EE06005BA0AC /* MemeCollectionViewController.swift */; };
		4264971E1ED9EF88005BA0AC /* MemeTableViewController.swift in Sources */ = {isa = PBXBuildFile; fileRef = 4264971D1ED9EF88005BA0AC /* MemeTableViewController.swift */; };
		426497201EDA00C3005BA0AC /* MemeCollectionViewCell.swift in Sources */ = {isa = PBXBuildFile; fileRef = 4264971F1EDA00C3005BA0AC /* MemeCollectionViewCell.swift */; };
		426497221EDB60F8005BA0AC /* DetailViewController.swift in Sources */ = {isa = PBXBuildFile; fileRef = 426497211EDB60F8005BA0AC /* DetailViewController.swift */; };
/* End PBXBuildFile section */

/* Begin PBXFileReference section */
		426496771ECA91AD005BA0AC /* Meme_Me.app */ = {isa = PBXFileReference; explicitFileType = wrapper.application; includeInIndex = 0; path = Meme_Me.app; sourceTree = BUILT_PRODUCTS_DIR; };
		426496811ECA91AD005BA0AC /* Assets.xcassets */ = {isa = PBXFileReference; lastKnownFileType = folder.assetcatalog; path = Assets.xcassets; sourceTree = "<group>"; };
		426496841ECA91AD005BA0AC /* Base */ = {isa = PBXFileReference; lastKnownFileType = file.storyboard; name = Base; path = Base.lproj/LaunchScreen.storyboard; sourceTree = "<group>"; };
		426496861ECA91AD005BA0AC /* Info.plist */ = {isa = PBXFileReference; lastKnownFileType = text.plist.xml; path = Info.plist; sourceTree = "<group>"; };
		426496A01ECA9788005BA0AC /* Base */ = {isa = PBXFileReference; lastKnownFileType = file.storyboard; name = Base; path = Meme_Me/Base.lproj/Main.storyboard; sourceTree = "<group>"; };
		426496A21ECA97F1005BA0AC /* AppDelegate.swift */ = {isa = PBXFileReference; fileEncoding = 4; lastKnownFileType = sourcecode.swift; path = AppDelegate.swift; sourceTree = "<group>"; };
		426496A31ECA97F1005BA0AC /* imagePicker.swift */ = {isa = PBXFileReference; fileEncoding = 4; lastKnownFileType = sourcecode.swift; path = imagePicker.swift; sourceTree = "<group>"; };
		426496A41ECA97F1005BA0AC /* keyboardSlider.swift */ = {isa = PBXFileReference; fileEncoding = 4; lastKnownFileType = sourcecode.swift; path = keyboardSlider.swift; sourceTree = "<group>"; };
		426496A51ECA97F1005BA0AC /* MemeViewController.swift */ = {isa = PBXFileReference; fileEncoding = 4; lastKnownFileType = sourcecode.swift; path = MemeViewController.swift; sourceTree = "<group>"; };
		426496A61ECA97F1005BA0AC /* save.swift */ = {isa = PBXFileReference; fileEncoding = 4; lastKnownFileType = sourcecode.swift; path = save.swift; sourceTree = "<group>"; };
		426496A71ECA97F1005BA0AC /* SettingsPicker.swift */ = {isa = PBXFileReference; fileEncoding = 4; lastKnownFileType = sourcecode.swift; path = SettingsPicker.swift; sourceTree = "<group>"; };
		426496A81ECA97F1005BA0AC /* SettingsViewController.swift */ = {isa = PBXFileReference; fileEncoding = 4; lastKnownFileType = sourcecode.swift; path = SettingsViewController.swift; sourceTree = "<group>"; };
		426496A91ECA97F1005BA0AC /* textField.swift */ = {isa = PBXFileReference; fileEncoding = 4; lastKnownFileType = sourcecode.swift; path = textField.swift; sourceTree = "<group>"; };
		426496B21ECB276A005BA0AC /* MemeStruct.swift */ = {isa = PBXFileReference; fileEncoding = 4; lastKnownFileType = sourcecode.swift; path = MemeStruct.swift; sourceTree = "<group>"; };
		4264971B1ED9EE06005BA0AC /* MemeCollectionViewController.swift */ = {isa = PBXFileReference; fileEncoding = 4; lastKnownFileType = sourcecode.swift; path = MemeCollectionViewController.swift; sourceTree = "<group>"; };
		4264971D1ED9EF88005BA0AC /* MemeTableViewController.swift */ = {isa = PBXFileReference; fileEncoding = 4; lastKnownFileType = sourcecode.swift; path = MemeTableViewController.swift; sourceTree = "<group>"; };
		4264971F1EDA00C3005BA0AC /* MemeCollectionViewCell.swift */ = {isa = PBXFileReference; fileEncoding = 4; lastKnownFileType = sourcecode.swift; path = MemeCollectionViewCell.swift; sourceTree = "<group>"; };
		426497211EDB60F8005BA0AC /* DetailViewController.swift */ = {isa = PBXFileReference; fileEncoding = 4; lastKnownFileType = sourcecode.swift; path = DetailViewController.swift; sourceTree = "<group>"; };
/* End PBXFileReference section */

/* Begin PBXFrameworksBuildPhase section */
		426496741ECA91AD005BA0AC /* Frameworks */ = {
			isa = PBXFrameworksBuildPhase;
			buildActionMask = 2147483647;
			files = (
			);
			runOnlyForDeploymentPostprocessing = 0;
		};
/* End PBXFrameworksBuildPhase section */

/* Begin PBXGroup section */
		420882101F29697900A7598C /* Controller */ = {
			isa = PBXGroup;
			children = (
				426496A31ECA97F1005BA0AC /* imagePicker.swift */,
				426496A91ECA97F1005BA0AC /* textField.swift */,
				426496A61ECA97F1005BA0AC /* save.swift */,
				4264971B1ED9EE06005BA0AC /* MemeCollectionViewController.swift */,
				4264971D1ED9EF88005BA0AC /* MemeTableViewController.swift */,
				426497211EDB60F8005BA0AC /* DetailViewController.swift */,
				426496A51ECA97F1005BA0AC /* MemeViewController.swift */,
				426496A81ECA97F1005BA0AC /* SettingsViewController.swift */,
			);
			name = Controller;
			sourceTree = "<group>";
		};
		420882111F2969A100A7598C /* View */ = {
			isa = PBXGroup;
			children = (
				4264971F1EDA00C3005BA0AC /* MemeCollectionViewCell.swift */,
				426496A71ECA97F1005BA0AC /* SettingsPicker.swift */,
			);
			name = View;
			sourceTree = "<group>";
		};
		420882121F2969AD00A7598C /* Model */ = {
			isa = PBXGroup;
			children = (
				426496A41ECA97F1005BA0AC /* keyboardSlider.swift */,
				426496B21ECB276A005BA0AC /* MemeStruct.swift */,
			);
			name = Model;
			sourceTree = "<group>";
		};
		4264966E1ECA91AD005BA0AC = {
			isa = PBXGroup;
			children = (
				426496791ECA91AD005BA0AC /* Meme_Me */,
				426496781ECA91AD005BA0AC /* Products */,
			);
			sourceTree = "<group>";
		};
		426496781ECA91AD005BA0AC /* Products */ = {
			isa = PBXGroup;
			children = (
				426496771ECA91AD005BA0AC /* Meme_Me.app */,
			);
			name = Products;
			sourceTree = "<group>";
		};
		426496791ECA91AD005BA0AC /* Meme_Me */ = {
			isa = PBXGroup;
			children = (
				426496A21ECA97F1005BA0AC /* AppDelegate.swift */,
				420882101F29697900A7598C /* Controller */,
				420882111F2969A100A7598C /* View */,
				420882121F2969AD00A7598C /* Model */,
				4264969F1ECA9788005BA0AC /* Main.storyboard */,
				426496811ECA91AD005BA0AC /* Assets.xcassets */,
				426496831ECA91AD005BA0AC /* LaunchScreen.storyboard */,
				426496861ECA91AD005BA0AC /* Info.plist */,
			);
			path = Meme_Me;
			sourceTree = "<group>";
		};
/* End PBXGroup section */

/* Begin PBXNativeTarget section */
		426496761ECA91AD005BA0AC /* Meme_Me */ = {
			isa = PBXNativeTarget;
			buildConfigurationList = 426496891ECA91AD005BA0AC /* Build configuration list for PBXNativeTarget "Meme_Me" */;
			buildPhases = (
				426496731ECA91AD005BA0AC /* Sources */,
				426496741ECA91AD005BA0AC /* Frameworks */,
				426496751ECA91AD005BA0AC /* Resources */,
			);
			buildRules = (
			);
			dependencies = (
			);
			name = Meme_Me;
			productName = Meme_Me;
			productReference = 426496771ECA91AD005BA0AC /* Meme_Me.app */;
			productType = "com.apple.product-type.application";
		};
/* End PBXNativeTarget section */

/* Begin PBXProject section */
		4264966F1ECA91AD005BA0AC /* Project object */ = {
			isa = PBXProject;
			attributes = {
				LastSwiftUpdateCheck = 0830;
				LastUpgradeCheck = 0830;
				ORGANIZATIONNAME = "Jacob Rakidzich";
				TargetAttributes = {
					426496761ECA91AD005BA0AC = {
						CreatedOnToolsVersion = 8.3.2;
						DevelopmentTeam = 5X48PFL69D;
						LastSwiftMigration = 0830;
						ProvisioningStyle = Automatic;
					};
				};
			};
			buildConfigurationList = 426496721ECA91AD005BA0AC /* Build configuration list for PBXProject "Meme_Me" */;
			compatibilityVersion = "Xcode 3.2";
			developmentRegion = English;
			hasScannedForEncodings = 0;
			knownRegions = (
				en,
				Base,
			);
			mainGroup = 4264966E1ECA91AD005BA0AC;
			productRefGroup = 426496781ECA91AD005BA0AC /* Products */;
			projectDirPath = "";
			projectRoot = "";
			targets = (
				426496761ECA91AD005BA0AC /* Meme_Me */,
			);
		};
/* End PBXProject section */

/* Begin PBXResourcesBuildPhase section */
		426496751ECA91AD005BA0AC /* Resources */ = {
			isa = PBXResourcesBuildPhase;
			buildActionMask = 2147483647;
			files = (
				426496851ECA91AD005BA0AC /* LaunchScreen.storyboard in Resources */,
				426496821ECA91AD005BA0AC /* Assets.xcassets in Resources */,
				426496A11ECA9788005BA0AC /* Main.storyboard in Resources */,
			);
			runOnlyForDeploymentPostprocessing = 0;
		};
/* End PBXResourcesBuildPhase section */

/* Begin PBXSourcesBuildPhase section */
		426496731ECA91AD005BA0AC /* Sources */ = {
			isa = PBXSourcesBuildPhase;
			buildActionMask = 2147483647;
			files = (
				426497221EDB60F8005BA0AC /* DetailViewController.swift in Sources */,
				426496AF1ECA97F2005BA0AC /* SettingsPicker.swift in Sources */,
				426496AA1ECA97F2005BA0AC /* AppDelegate.swift in Sources */,
				4264971C1ED9EE06005BA0AC /* MemeCollectionViewController.swift in Sources */,
				426496B01ECA97F2005BA0AC /* SettingsViewController.swift in Sources */,
				426496B11ECA97F2005BA0AC /* textField.swift in Sources */,
				426496B31ECB276A005BA0AC /* MemeStruct.swift in Sources */,
				426497201EDA00C3005BA0AC /* MemeCollectionViewCell.swift in Sources */,
				426496AB1ECA97F2005BA0AC /* imagePicker.swift in Sources */,
				426496AD1ECA97F2005BA0AC /* MemeViewController.swift in Sources */,
				4264971E1ED9EF88005BA0AC /* MemeTableViewController.swift in Sources */,
				426496AC1ECA97F2005BA0AC /* keyboardSlider.swift in Sources */,
				426496AE1ECA97F2005BA0AC /* save.swift in Sources */,
			);
			runOnlyForDeploymentPostprocessing = 0;
		};
/* End PBXSourcesBuildPhase section */

/* Begin PBXVariantGroup section */
		426496831ECA91AD005BA0AC /* LaunchScreen.storyboard */ = {
			isa = PBXVariantGroup;
			children = (
				426496841ECA91AD005BA0AC /* Base */,
			);
			name = LaunchScreen.storyboard;
			sourceTree = "<group>";
		};
		4264969F1ECA9788005BA0AC /* Main.storyboard */ = {
			isa = PBXVariantGroup;
			children = (
				426496A01ECA9788005BA0AC /* Base */,
			);
			name = Main.storyboard;
			path = ..;
			sourceTree = "<group>";
		};
/* End PBXVariantGroup section */

/* Begin XCBuildConfiguration section */
		426496871ECA91AD005BA0AC /* Debug */ = {
			isa = XCBuildConfiguration;
			buildSettings = {
				ALWAYS_SEARCH_USER_PATHS = NO;
				CLANG_ANALYZER_NONNULL = YES;
				CLANG_ANALYZER_NUMBER_OBJECT_CONVERSION = YES_AGGRESSIVE;
				CLANG_CXX_LANGUAGE_STANDARD = "gnu++0x";
				CLANG_CXX_LIBRARY = "libc++";
				CLANG_ENABLE_MODULES = YES;
				CLANG_ENABLE_OBJC_ARC = YES;
				CLANG_WARN_BOOL_CONVERSION = YES;
				CLANG_WARN_CONSTANT_CONVERSION = YES;
				CLANG_WARN_DIRECT_OBJC_ISA_USAGE = YES_ERROR;
				CLANG_WARN_DOCUMENTATION_COMMENTS = YES;
				CLANG_WARN_EMPTY_BODY = YES;
				CLANG_WARN_ENUM_CONVERSION = YES;
				CLANG_WARN_INFINITE_RECURSION = YES;
				CLANG_WARN_INT_CONVERSION = YES;
				CLANG_WARN_OBJC_ROOT_CLASS = YES_ERROR;
				CLANG_WARN_SUSPICIOUS_MOVE = YES;
				CLANG_WARN_UNREACHABLE_CODE = YES;
				CLANG_WARN__DUPLICATE_METHOD_MATCH = YES;
				"CODE_SIGN_IDENTITY[sdk=iphoneos*]" = "iPhone Developer";
				COPY_PHASE_STRIP = NO;
				DEBUG_INFORMATION_FORMAT = dwarf;
				ENABLE_STRICT_OBJC_MSGSEND = YES;
				ENABLE_TESTABILITY = YES;
				GCC_C_LANGUAGE_STANDARD = gnu99;
				GCC_DYNAMIC_NO_PIC = NO;
				GCC_NO_COMMON_BLOCKS = YES;
				GCC_OPTIMIZATION_LEVEL = 0;
				GCC_PREPROCESSOR_DEFINITIONS = (
					"DEBUG=1",
					"$(inherited)",
				);
				GCC_WARN_64_TO_32_BIT_CONVERSION = YES;
				GCC_WARN_ABOUT_RETURN_TYPE = YES_ERROR;
				GCC_WARN_UNDECLARED_SELECTOR = YES;
				GCC_WARN_UNINITIALIZED_AUTOS = YES_AGGRESSIVE;
				GCC_WARN_UNUSED_FUNCTION = YES;
				GCC_WARN_UNUSED_VARIABLE = YES;
				IPHONEOS_DEPLOYMENT_TARGET = 10.3;
				MTL_ENABLE_DEBUG_INFO = YES;
				ONLY_ACTIVE_ARCH = YES;
				SDKROOT = iphoneos;
				SWIFT_ACTIVE_COMPILATION_CONDITIONS = DEBUG;
				SWIFT_OPTIMIZATION_LEVEL = "-Onone";
				TARGETED_DEVICE_FAMILY = "1,2";
			};
			name = Debug;
		};
		426496881ECA91AD005BA0AC /* Release */ = {
			isa = XCBuildConfiguration;
			buildSettings = {
				ALWAYS_SEARCH_USER_PATHS = NO;
				CLANG_ANALYZER_NONNULL = YES;
				CLANG_ANALYZER_NUMBER_OBJECT_CONVERSION = YES_AGGRESSIVE;
				CLANG_CXX_LANGUAGE_STANDARD = "gnu++0x";
				CLANG_CXX_LIBRARY = "libc++";
				CLANG_ENABLE_MODULES = YES;
				CLANG_ENABLE_OBJC_ARC = YES;
				CLANG_WARN_BOOL_CONVERSION = YES;
				CLANG_WARN_CONSTANT_CONVERSION = YES;
				CLANG_WARN_DIRECT_OBJC_ISA_USAGE = YES_ERROR;
				CLANG_WARN_DOCUMENTATION_COMMENTS = YES;
				CLANG_WARN_EMPTY_BODY = YES;
				CLANG_WARN_ENUM_CONVERSION = YES;
				CLANG_WARN_INFINITE_RECURSION = YES;
				CLANG_WARN_INT_CONVERSION = YES;
				CLANG_WARN_OBJC_ROOT_CLASS = YES_ERROR;
				CLANG_WARN_SUSPICIOUS_MOVE = YES;
				CLANG_WARN_UNREACHABLE_CODE = YES;
				CLANG_WARN__DUPLICATE_METHOD_MATCH = YES;
				"CODE_SIGN_IDENTITY[sdk=iphoneos*]" = "iPhone Developer";
				COPY_PHASE_STRIP = NO;
				DEBUG_INFORMATION_FORMAT = "dwarf-with-dsym";
				ENABLE_NS_ASSERTIONS = NO;
				ENABLE_STRICT_OBJC_MSGSEND = YES;
				GCC_C_LANGUAGE_STANDARD = gnu99;
				GCC_NO_COMMON_BLOCKS = YES;
				GCC_WARN_64_TO_32_BIT_CONVERSION = YES;
				GCC_WARN_ABOUT_RETURN_TYPE = YES_ERROR;
				GCC_WARN_UNDECLARED_SELECTOR = YES;
				GCC_WARN_UNINITIALIZED_AUTOS = YES_AGGRESSIVE;
				GCC_WARN_UNUSED_FUNCTION = YES;
				GCC_WARN_UNUSED_VARIABLE = YES;
				IPHONEOS_DEPLOYMENT_TARGET = 10.3;
				MTL_ENABLE_DEBUG_INFO = NO;
				SDKROOT = iphoneos;
				SWIFT_OPTIMIZATION_LEVEL = "-Owholemodule";
				TARGETED_DEVICE_FAMILY = "1,2";
				VALIDATE_PRODUCT = YES;
			};
			name = Release;
		};
		4264968A1ECA91AD005BA0AC /* Debug */ = {
			isa = XCBuildConfiguration;
			buildSettings = {
				ASSETCATALOG_COMPILER_APPICON_NAME = AppIcon;
				CLANG_ENABLE_MODULES = YES;
				DEVELOPMENT_TEAM = 5X48PFL69D;
				INFOPLIST_FILE = Meme_Me/Info.plist;
				IPHONEOS_DEPLOYMENT_TARGET = 10.0;
				LD_RUNPATH_SEARCH_PATHS = "$(inherited) @executable_path/Frameworks";
				PRODUCT_BUNDLE_IDENTIFIER = "com.jacobrakidzich.Meme-Me";
				PRODUCT_NAME = "$(TARGET_NAME)";
				SWIFT_OPTIMIZATION_LEVEL = "-Onone";
				SWIFT_VERSION = 3.0;
			};
			name = Debug;
		};
		4264968B1ECA91AD005BA0AC /* Release */ = {
			isa = XCBuildConfiguration;
			buildSettings = {
				ASSETCATALOG_COMPILER_APPICON_NAME = AppIcon;
				CLANG_ENABLE_MODULES = YES;
				DEVELOPMENT_TEAM = 5X48PFL69D;
				INFOPLIST_FILE = Meme_Me/Info.plist;
				IPHONEOS_DEPLOYMENT_TARGET = 10.0;
				LD_RUNPATH_SEARCH_PATHS = "$(inherited) @executable_path/Frameworks";
				PRODUCT_BUNDLE_IDENTIFIER = "com.jacobrakidzich.Meme-Me";
				PRODUCT_NAME = "$(TARGET_NAME)";
				SWIFT_VERSION = 3.0;
			};
			name = Release;
		};
/* End XCBuildConfiguration section */

/* Begin XCConfigurationList section */
		426496721ECA91AD005BA0AC /* Build configuration list for PBXProject "Meme_Me" */ = {
			isa = XCConfigurationList;
			buildConfigurations = (
				426496871ECA91AD005BA0AC /* Debug */,
				426496881ECA91AD005BA0AC /* Release */,
			);
			defaultConfigurationIsVisible = 0;
			defaultConfigurationName = Release;
		};
		426496891ECA91AD005BA0AC /* Build configuration list for PBXNativeTarget "Meme_Me" */ = {
			isa = XCConfigurationList;
			buildConfigurations = (
				4264968A1ECA91AD005BA0AC /* Debug */,
				4264968B1ECA91AD005BA0AC /* Release */,
			);
			defaultConfigurationIsVisible = 0;
			defaultConfigurationName = Release;
		};
/* End XCConfigurationList section */
	};
	rootObject = 4264966F1ECA91AD005BA0AC /* Project object */;
}
